// !$*UTF8*$!
{
	archiveVersion = 1;
	classes = {
	};
	objectVersion = 46;
	objects = {

/* Begin PBXBuildFile section */
		FF4BC72B1EE61FC3004A74D7 /* main.m in Sources */ = {isa = PBXBuildFile; fileRef = FF4BC72A1EE61FC3004A74D7 /* main.m */; };
		FF4BC72E1EE61FC3004A74D7 /* AppDelegate.m in Sources */ = {isa = PBXBuildFile; fileRef = FF4BC72D1EE61FC3004A74D7 /* AppDelegate.m */; };
		FF4BC7311EE61FC3004A74D7 /* ViewController.m in Sources */ = {isa = PBXBuildFile; fileRef = FF4BC7301EE61FC3004A74D7 /* ViewController.m */; };
		FF4BC7341EE61FC3004A74D7 /* Main.storyboard in Resources */ = {isa = PBXBuildFile; fileRef = FF4BC7321EE61FC3004A74D7 /* Main.storyboard */; };
		FF4BC7361EE61FC3004A74D7 /* Assets.xcassets in Resources */ = {isa = PBXBuildFile; fileRef = FF4BC7351EE61FC3004A74D7 /* Assets.xcassets */; };
		FF4BC7391EE61FC3004A74D7 /* LaunchScreen.storyboard in Resources */ = {isa = PBXBuildFile; fileRef = FF4BC7371EE61FC3004A74D7 /* LaunchScreen.storyboard */; };
		FF4BC7441EE61FC3004A74D7 /* TwoPlayerMathTests.m in Sources */ = {isa = PBXBuildFile; fileRef = FF4BC7431EE61FC3004A74D7 /* TwoPlayerMathTests.m */; };
		FF4BC7501EE62469004A74D7 /* Player.m in Sources */ = {isa = PBXBuildFile; fileRef = FF4BC74F1EE62469004A74D7 /* Player.m */; };
		FF4BC7531EE62569004A74D7 /* GameModel.m in Sources */ = {isa = PBXBuildFile; fileRef = FF4BC7521EE62569004A74D7 /* GameModel.m */; };
		FF4BC7591EE62B3E004A74D7 /* Question.m in Sources */ = {isa = PBXBuildFile; fileRef = FF4BC7581EE62B3E004A74D7 /* Question.m */; };
/* End PBXBuildFile section */

/* Begin PBXContainerItemProxy section */
		FF4BC7401EE61FC3004A74D7 /* PBXContainerItemProxy */ = {
			isa = PBXContainerItemProxy;
			containerPortal = FF4BC71E1EE61FC3004A74D7 /* Project object */;
			proxyType = 1;
			remoteGlobalIDString = FF4BC7251EE61FC3004A74D7;
			remoteInfo = TwoPlayerMath;
		};
/* End PBXContainerItemProxy section */

/* Begin PBXFileReference section */
		FF4BC7261EE61FC3004A74D7 /* TwoPlayerMath.app */ = {isa = PBXFileReference; explicitFileType = wrapper.application; includeInIndex = 0; path = TwoPlayerMath.app; sourceTree = BUILT_PRODUCTS_DIR; };
		FF4BC72A1EE61FC3004A74D7 /* main.m */ = {isa = PBXFileReference; lastKnownFileType = sourcecode.c.objc; path = main.m; sourceTree = "<group>"; };
		FF4BC72C1EE61FC3004A74D7 /* AppDelegate.h */ = {isa = PBXFileReference; lastKnownFileType = sourcecode.c.h; path = AppDelegate.h; sourceTree = "<group>"; };
		FF4BC72D1EE61FC3004A74D7 /* AppDelegate.m */ = {isa = PBXFileReference; lastKnownFileType = sourcecode.c.objc; path = AppDelegate.m; sourceTree = "<group>"; };
		FF4BC72F1EE61FC3004A74D7 /* ViewController.h */ = {isa = PBXFileReference; lastKnownFileType = sourcecode.c.h; path = ViewController.h; sourceTree = "<group>"; };
		FF4BC7301EE61FC3004A74D7 /* ViewController.m */ = {isa = PBXFileReference; lastKnownFileType = sourcecode.c.objc; path = ViewController.m; sourceTree = "<group>"; };
		FF4BC7331EE61FC3004A74D7 /* Base */ = {isa = PBXFileReference; lastKnownFileType = file.storyboard; name = Base; path = Base.lproj/Main.storyboard; sourceTree = "<group>"; };
		FF4BC7351EE61FC3004A74D7 /* Assets.xcassets */ = {isa = PBXFileReference; lastKnownFileType = folder.assetcatalog; path = Assets.xcassets; sourceTree = "<group>"; };
		FF4BC7381EE61FC3004A74D7 /* Base */ = {isa = PBXFileReference; lastKnownFileType = file.storyboard; name = Base; path = Base.lproj/LaunchScreen.storyboard; sourceTree = "<group>"; };
		FF4BC73A1EE61FC3004A74D7 /* Info.plist */ = {isa = PBXFileReference; lastKnownFileType = text.plist.xml; path = Info.plist; sourceTree = "<group>"; };
		FF4BC73F1EE61FC3004A74D7 /* TwoPlayerMathTests.xctest */ = {isa = PBXFileReference; explicitFileType = wrapper.cfbundle; includeInIndex = 0; path = TwoPlayerMathTests.xctest; sourceTree = BUILT_PRODUCTS_DIR; };
		FF4BC7431EE61FC3004A74D7 /* TwoPlayerMathTests.m */ = {isa = PBXFileReference; lastKnownFileType = sourcecode.c.objc; path = TwoPlayerMathTests.m; sourceTree = "<group>"; };
		FF4BC7451EE61FC3004A74D7 /* Info.plist */ = {isa = PBXFileReference; lastKnownFileType = text.plist.xml; path = Info.plist; sourceTree = "<group>"; };
		FF4BC74E1EE62469004A74D7 /* Player.h */ = {isa = PBXFileReference; fileEncoding = 4; lastKnownFileType = sourcecode.c.h; path = Player.h; sourceTree = "<group>"; };
		FF4BC74F1EE62469004A74D7 /* Player.m */ = {isa = PBXFileReference; fileEncoding = 4; lastKnownFileType = sourcecode.c.objc; path = Player.m; sourceTree = "<group>"; };
		FF4BC7511EE62569004A74D7 /* GameModel.h */ = {isa = PBXFileReference; fileEncoding = 4; lastKnownFileType = sourcecode.c.h; path = GameModel.h; sourceTree = "<group>"; };
		FF4BC7521EE62569004A74D7 /* GameModel.m */ = {isa = PBXFileReference; fileEncoding = 4; lastKnownFileType = sourcecode.c.objc; path = GameModel.m; sourceTree = "<group>"; };
		FF4BC7571EE62B3E004A74D7 /* Question.h */ = {isa = PBXFileReference; fileEncoding = 4; lastKnownFileType = sourcecode.c.h; path = Question.h; sourceTree = "<group>"; };
		FF4BC7581EE62B3E004A74D7 /* Question.m */ = {isa = PBXFileReference; fileEncoding = 4; lastKnownFileType = sourcecode.c.objc; path = Question.m; sourceTree = "<group>"; };
/* End PBXFileReference section */

/* Begin PBXFrameworksBuildPhase section */
		FF4BC7231EE61FC3004A74D7 /* Frameworks */ = {
			isa = PBXFrameworksBuildPhase;
			buildActionMask = 2147483647;
			files = (
			);
			runOnlyForDeploymentPostprocessing = 0;
		};
		FF4BC73C1EE61FC3004A74D7 /* Frameworks */ = {
			isa = PBXFrameworksBuildPhase;
			buildActionMask = 2147483647;
			files = (
			);
			runOnlyForDeploymentPostprocessing = 0;
		};
/* End PBXFrameworksBuildPhase section */

/* Begin PBXGroup section */
		FF4BC71D1EE61FC3004A74D7 = {
			isa = PBXGroup;
			children = (
				FF4BC7281EE61FC3004A74D7 /* TwoPlayerMath */,
				FF4BC7421EE61FC3004A74D7 /* TwoPlayerMathTests */,
				FF4BC7271EE61FC3004A74D7 /* Products */,
			);
			sourceTree = "<group>";
		};
		FF4BC7271EE61FC3004A74D7 /* Products */ = {
			isa = PBXGroup;
			children = (
				FF4BC7261EE61FC3004A74D7 /* TwoPlayerMath.app */,
				FF4BC73F1EE61FC3004A74D7 /* TwoPlayerMathTests.xctest */,
			);
			name = Products;
			sourceTree = "<group>";
		};
		FF4BC7281EE61FC3004A74D7 /* TwoPlayerMath */ = {
			isa = PBXGroup;
			children = (
				FF4BC72C1EE61FC3004A74D7 /* AppDelegate.h */,
				FF4BC72D1EE61FC3004A74D7 /* AppDelegate.m */,
				FF4BC74E1EE62469004A74D7 /* Player.h */,
				FF4BC74F1EE62469004A74D7 /* Player.m */,
				FF4BC7511EE62569004A74D7 /* GameModel.h */,
				FF4BC7521EE62569004A74D7 /* GameModel.m */,
				FF4BC7571EE62B3E004A74D7 /* Question.h */,
				FF4BC7581EE62B3E004A74D7 /* Question.m */,
				FF4BC72F1EE61FC3004A74D7 /* ViewController.h */,
				FF4BC7301EE61FC3004A74D7 /* ViewController.m */,
				FF4BC7321EE61FC3004A74D7 /* Main.storyboard */,
				FF4BC7351EE61FC3004A74D7 /* Assets.xcassets */,
				FF4BC7371EE61FC3004A74D7 /* LaunchScreen.storyboard */,
				FF4BC73A1EE61FC3004A74D7 /* Info.plist */,
				FF4BC7291EE61FC3004A74D7 /* Supporting Files */,
			);
			path = TwoPlayerMath;
			sourceTree = "<group>";
		};
		FF4BC7291EE61FC3004A74D7 /* Supporting Files */ = {
			isa = PBXGroup;
			children = (
				FF4BC72A1EE61FC3004A74D7 /* main.m */,
			);
			name = "Supporting Files";
			sourceTree = "<group>";
		};
		FF4BC7421EE61FC3004A74D7 /* TwoPlayerMathTests */ = {
			isa = PBXGroup;
			children = (
				FF4BC7431EE61FC3004A74D7 /* TwoPlayerMathTests.m */,
				FF4BC7451EE61FC3004A74D7 /* Info.plist */,
			);
			path = TwoPlayerMathTests;
			sourceTree = "<group>";
		};
/* End PBXGroup section */

/* Begin PBXNativeTarget section */
		FF4BC7251EE61FC3004A74D7 /* TwoPlayerMath */ = {
			isa = PBXNativeTarget;
			buildConfigurationList = FF4BC7481EE61FC3004A74D7 /* Build configuration list for PBXNativeTarget "TwoPlayerMath" */;
			buildPhases = (
				FF4BC7221EE61FC3004A74D7 /* Sources */,
				FF4BC7231EE61FC3004A74D7 /* Frameworks */,
				FF4BC7241EE61FC3004A74D7 /* Resources */,
			);
			buildRules = (
			);
			dependencies = (
			);
			name = TwoPlayerMath;
			productName = TwoPlayerMath;
			productReference = FF4BC7261EE61FC3004A74D7 /* TwoPlayerMath.app */;
			productType = "com.apple.product-type.application";
		};
		FF4BC73E1EE61FC3004A74D7 /* TwoPlayerMathTests */ = {
			isa = PBXNativeTarget;
			buildConfigurationList = FF4BC74B1EE61FC3004A74D7 /* Build configuration list for PBXNativeTarget "TwoPlayerMathTests" */;
			buildPhases = (
				FF4BC73B1EE61FC3004A74D7 /* Sources */,
				FF4BC73C1EE61FC3004A74D7 /* Frameworks */,
				FF4BC73D1EE61FC3004A74D7 /* Resources */,
			);
			buildRules = (
			);
			dependencies = (
				FF4BC7411EE61FC3004A74D7 /* PBXTargetDependency */,
			);
			name = TwoPlayerMathTests;
			productName = TwoPlayerMathTests;
			productReference = FF4BC73F1EE61FC3004A74D7 /* TwoPlayerMathTests.xctest */;
			productType = "com.apple.product-type.bundle.unit-test";
		};
/* End PBXNativeTarget section */

/* Begin PBXProject section */
		FF4BC71E1EE61FC3004A74D7 /* Project object */ = {
			isa = PBXProject;
			attributes = {
				LastUpgradeCheck = 0810;
				ORGANIZATIONNAME = "Jimmy Hoang";
				TargetAttributes = {
					FF4BC7251EE61FC3004A74D7 = {
						CreatedOnToolsVersion = 8.1;
						ProvisioningStyle = Automatic;
					};
					FF4BC73E1EE61FC3004A74D7 = {
						CreatedOnToolsVersion = 8.1;
						ProvisioningStyle = Automatic;
						TestTargetID = FF4BC7251EE61FC3004A74D7;
					};
				};
			};
			buildConfigurationList = FF4BC7211EE61FC3004A74D7 /* Build configuration list for PBXProject "TwoPlayerMath" */;
			compatibilityVersion = "Xcode 3.2";
			developmentRegion = English;
			hasScannedForEncodings = 0;
			knownRegions = (
				en,
				Base,
			);
			mainGroup = FF4BC71D1EE61FC3004A74D7;
			productRefGroup = FF4BC7271EE61FC3004A74D7 /* Products */;
			projectDirPath = "";
			projectRoot = "";
			targets = (
				FF4BC7251EE61FC3004A74D7 /* TwoPlayerMath */,
				FF4BC73E1EE61FC3004A74D7 /* TwoPlayerMathTests */,
			);
		};
/* End PBXProject section */

/* Begin PBXResourcesBuildPhase section */
		FF4BC7241EE61FC3004A74D7 /* Resources */ = {
			isa = PBXResourcesBuildPhase;
			buildActionMask = 2147483647;
			files = (
				FF4BC7391EE61FC3004A74D7 /* LaunchScreen.storyboard in Resources */,
				FF4BC7361EE61FC3004A74D7 /* Assets.xcassets in Resources */,
				FF4BC7341EE61FC3004A74D7 /* Main.storyboard in Resources */,
			);
			runOnlyForDeploymentPostprocessing = 0;
		};
		FF4BC73D1EE61FC3004A74D7 /* Resources */ = {
			isa = PBXResourcesBuildPhase;
			buildActionMask = 2147483647;
			files = (
			);
			runOnlyForDeploymentPostprocessing = 0;
		};
/* End PBXResourcesBuildPhase section */

/* Begin PBXSourcesBuildPhase section */
		FF4BC7221EE61FC3004A74D7 /* Sources */ = {
			isa = PBXSourcesBuildPhase;
			buildActionMask = 2147483647;
			files = (
				FF4BC7501EE62469004A74D7 /* Player.m in Sources */,
				FF4BC7311EE61FC3004A74D7 /* ViewController.m in Sources */,
				FF4BC7531EE62569004A74D7 /* GameModel.m in Sources */,
				FF4BC7591EE62B3E004A74D7 /* Question.m in Sources */,
				FF4BC72E1EE61FC3004A74D7 /* AppDelegate.m in Sources */,
				FF4BC72B1EE61FC3004A74D7 /* main.m in Sources */,
			);
			runOnlyForDeploymentPostprocessing = 0;
		};
		FF4BC73B1EE61FC3004A74D7 /* Sources */ = {
			isa = PBXSourcesBuildPhase;
			buildActionMask = 2147483647;
			files = (
				FF4BC7441EE61FC3004A74D7 /* TwoPlayerMathTests.m in Sources */,
			);
			runOnlyForDeploymentPostprocessing = 0;
		};
/* End PBXSourcesBuildPhase section */

/* Begin PBXTargetDependency section */
		FF4BC7411EE61FC3004A74D7 /* PBXTargetDependency */ = {
			isa = PBXTargetDependency;
			target = FF4BC7251EE61FC3004A74D7 /* TwoPlayerMath */;
			targetProxy = FF4BC7401EE61FC3004A74D7 /* PBXContainerItemProxy */;
		};
/* End PBXTargetDependency section */

/* Begin PBXVariantGroup section */
		FF4BC7321EE61FC3004A74D7 /* Main.storyboard */ = {
			isa = PBXVariantGroup;
			children = (
				FF4BC7331EE61FC3004A74D7 /* Base */,
			);
			name = Main.storyboard;
			sourceTree = "<group>";
		};
		FF4BC7371EE61FC3004A74D7 /* LaunchScreen.storyboard */ = {
			isa = PBXVariantGroup;
			children = (
				FF4BC7381EE61FC3004A74D7 /* Base */,
			);
			name = LaunchScreen.storyboard;
			sourceTree = "<group>";
		};
/* End PBXVariantGroup section */

/* Begin XCBuildConfiguration section */
		FF4BC7461EE61FC3004A74D7 /* Debug */ = {
			isa = XCBuildConfiguration;
			buildSettings = {
				ALWAYS_SEARCH_USER_PATHS = NO;
				CLANG_ANALYZER_NONNULL = YES;
				CLANG_CXX_LANGUAGE_STANDARD = "gnu++0x";
				CLANG_CXX_LIBRARY = "libc++";
				CLANG_ENABLE_MODULES = YES;
				CLANG_ENABLE_OBJC_ARC = YES;
				CLANG_WARN_BOOL_CONVERSION = YES;
				CLANG_WARN_CONSTANT_CONVERSION = YES;
				CLANG_WARN_DIRECT_OBJC_ISA_USAGE = YES_ERROR;
				CLANG_WARN_DOCUMENTATION_COMMENTS = YES;
				CLANG_WARN_EMPTY_BODY = YES;
				CLANG_WARN_ENUM_CONVERSION = YES;
				CLANG_WARN_INFINITE_RECURSION = YES;
				CLANG_WARN_INT_CONVERSION = YES;
				CLANG_WARN_OBJC_ROOT_CLASS = YES_ERROR;
				CLANG_WARN_SUSPICIOUS_MOVES = YES;
				CLANG_WARN_UNREACHABLE_CODE = YES;
				CLANG_WARN__DUPLICATE_METHOD_MATCH = YES;
				"CODE_SIGN_IDENTITY[sdk=iphoneos*]" = "iPhone Developer";
				COPY_PHASE_STRIP = NO;
				DEBUG_INFORMATION_FORMAT = dwarf;
				ENABLE_STRICT_OBJC_MSGSEND = YES;
				ENABLE_TESTABILITY = YES;
				GCC_C_LANGUAGE_STANDARD = gnu99;
				GCC_DYNAMIC_NO_PIC = NO;
				GCC_NO_COMMON_BLOCKS = YES;
				GCC_OPTIMIZATION_LEVEL = 0;
				GCC_PREPROCESSOR_DEFINITIONS = (
					"DEBUG=1",
					"$(inherited)",
				);
				GCC_WARN_64_TO_32_BIT_CONVERSION = YES;
				GCC_WARN_ABOUT_RETURN_TYPE = YES_ERROR;
				GCC_WARN_UNDECLARED_SELECTOR = YES;
				GCC_WARN_UNINITIALIZED_AUTOS = YES_AGGRESSIVE;
				GCC_WARN_UNUSED_FUNCTION = YES;
				GCC_WARN_UNUSED_VARIABLE = YES;
				IPHONEOS_DEPLOYMENT_TARGET = 10.1;
				MTL_ENABLE_DEBUG_INFO = YES;
				ONLY_ACTIVE_ARCH = YES;
				SDKROOT = iphoneos;
			};
			name = Debug;
		};
		FF4BC7471EE61FC3004A74D7 /* Release */ = {
			isa = XCBuildConfiguration;
			buildSettings = {
				ALWAYS_SEARCH_USER_PATHS = NO;
				CLANG_ANALYZER_NONNULL = YES;
				CLANG_CXX_LANGUAGE_STANDARD = "gnu++0x";
				CLANG_CXX_LIBRARY = "libc++";
				CLANG_ENABLE_MODULES = YES;
				CLANG_ENABLE_OBJC_ARC = YES;
				CLANG_WARN_BOOL_CONVERSION = YES;
				CLANG_WARN_CONSTANT_CONVERSION = YES;
				CLANG_WARN_DIRECT_OBJC_ISA_USAGE = YES_ERROR;
				CLANG_WARN_DOCUMENTATION_COMMENTS = YES;
				CLANG_WARN_EMPTY_BODY = YES;
				CLANG_WARN_ENUM_CONVERSION = YES;
				CLANG_WARN_INFINITE_RECURSION = YES;
				CLANG_WARN_INT_CONVERSION = YES;
				CLANG_WARN_OBJC_ROOT_CLASS = YES_ERROR;
				CLANG_WARN_SUSPICIOUS_MOVES = YES;
				CLANG_WARN_UNREACHABLE_CODE = YES;
				CLANG_WARN__DUPLICATE_METHOD_MATCH = YES;
				"CODE_SIGN_IDENTITY[sdk=iphoneos*]" = "iPhone Developer";
				COPY_PHASE_STRIP = NO;
				DEBUG_INFORMATION_FORMAT = "dwarf-with-dsym";
				ENABLE_NS_ASSERTIONS = NO;
				ENABLE_STRICT_OBJC_MSGSEND = YES;
				GCC_C_LANGUAGE_STANDARD = gnu99;
				GCC_NO_COMMON_BLOCKS = YES;
				GCC_WARN_64_TO_32_BIT_CONVERSION = YES;
				GCC_WARN_ABOUT_RETURN_TYPE = YES_ERROR;
				GCC_WARN_UNDECLARED_SELECTOR = YES;
				GCC_WARN_UNINITIALIZED_AUTOS = YES_AGGRESSIVE;
				GCC_WARN_UNUSED_FUNCTION = YES;
				GCC_WARN_UNUSED_VARIABLE = YES;
				IPHONEOS_DEPLOYMENT_TARGET = 10.1;
				MTL_ENABLE_DEBUG_INFO = NO;
				SDKROOT = iphoneos;
				VALIDATE_PRODUCT = YES;
			};
			name = Release;
		};
		FF4BC7491EE61FC3004A74D7 /* Debug */ = {
			isa = XCBuildConfiguration;
			buildSettings = {
				ASSETCATALOG_COMPILER_APPICON_NAME = AppIcon;
				INFOPLIST_FILE = TwoPlayerMath/Info.plist;
				LD_RUNPATH_SEARCH_PATHS = "$(inherited) @executable_path/Frameworks";
				PRODUCT_BUNDLE_IDENTIFIER = com.example.TwoPlayerMath;
				PRODUCT_NAME = "$(TARGET_NAME)";
			};
			name = Debug;
		};
		FF4BC74A1EE61FC3004A74D7 /* Release */ = {
			isa = XCBuildConfiguration;
			buildSettings = {
				ASSETCATALOG_COMPILER_APPICON_NAME = AppIcon;
				INFOPLIST_FILE = TwoPlayerMath/Info.plist;
				LD_RUNPATH_SEARCH_PATHS = "$(inherited) @executable_path/Frameworks";
				PRODUCT_BUNDLE_IDENTIFIER = com.example.TwoPlayerMath;
				PRODUCT_NAME = "$(TARGET_NAME)";
			};
			name = Release;
		};
		FF4BC74C1EE61FC3004A74D7 /* Debug */ = {
			isa = XCBuildConfiguration;
			buildSettings = {
				BUNDLE_LOADER = "$(TEST_HOST)";
				INFOPLIST_FILE = TwoPlayerMathTests/Info.plist;
				LD_RUNPATH_SEARCH_PATHS = "$(inherited) @executable_path/Frameworks @loader_path/Frameworks";
				PRODUCT_BUNDLE_IDENTIFIER = com.example.TwoPlayerMathTests;
				PRODUCT_NAME = "$(TARGET_NAME)";
				TEST_HOST = "$(BUILT_PRODUCTS_DIR)/TwoPlayerMath.app/TwoPlayerMath";
			};
			name = Debug;
		};
		FF4BC74D1EE61FC3004A74D7 /* Release */ = {
			isa = XCBuildConfiguration;
			buildSettings = {
				BUNDLE_LOADER = "$(TEST_HOST)";
				INFOPLIST_FILE = TwoPlayerMathTests/Info.plist;
				LD_RUNPATH_SEARCH_PATHS = "$(inherited) @executable_path/Frameworks @loader_path/Frameworks";
				PRODUCT_BUNDLE_IDENTIFIER = com.example.TwoPlayerMathTests;
				PRODUCT_NAME = "$(TARGET_NAME)";
				TEST_HOST = "$(BUILT_PRODUCTS_DIR)/TwoPlayerMath.app/TwoPlayerMath";
			};
			name = Release;
		};
/* End XCBuildConfiguration section */

/* Begin XCConfigurationList section */
		FF4BC7211EE61FC3004A74D7 /* Build configuration list for PBXProject "TwoPlayerMath" */ = {
			isa = XCConfigurationList;
			buildConfigurations = (
				FF4BC7461EE61FC3004A74D7 /* Debug */,
				FF4BC7471EE61FC3004A74D7 /* Release */,
			);
			defaultConfigurationIsVisible = 0;
			defaultConfigurationName = Release;
		};
		FF4BC7481EE61FC3004A74D7 /* Build configuration list for PBXNativeTarget "TwoPlayerMath" */ = {
			isa = XCConfigurationList;
			buildConfigurations = (
				FF4BC7491EE61FC3004A74D7 /* Debug */,
				FF4BC74A1EE61FC3004A74D7 /* Release */,
			);
			defaultConfigurationIsVisible = 0;
		};
		FF4BC74B1EE61FC3004A74D7 /* Build configuration list for PBXNativeTarget "TwoPlayerMathTests" */ = {
			isa = XCConfigurationList;
			buildConfigurations = (
				FF4BC74C1EE61FC3004A74D7 /* Debug */,
				FF4BC74D1EE61FC3004A74D7 /* Release */,
			);
			defaultConfigurationIsVisible = 0;
		};
/* End XCConfigurationList section */
	};
	rootObject = FF4BC71E1EE61FC3004A74D7 /* Project object */;
}
